
Microsoft Visual Studio Solution File, Format Version 12.00
# Visual Studio Version 17
VisualStudioVersion = 17.10.34916.146
MinimumVisualStudioVersion = 10.0.40219.1
Project("{FAE04EC0-301F-11D3-BF4B-00C04F79EFBC}") = "Spotify-Playlist-CSVs-To-YAML", "Spotify-Playlist-CSVs-To-YAML\Spotify-Playlist-CSVs-To-YAML.csproj", "{B7A628A2-502F-4AA2-A2EE-7F7715B7C5B3}"
EndProject
Global
	GlobalSection(SolutionConfigurationPlatforms) = preSolution
		Debug|Any CPU = Debug|Any CPU
		Release|Any CPU = Release|Any CPU
	EndGlobalSection
	GlobalSection(ProjectConfigurationPlatforms) = postSolution
		{B7A628A2-502F-4AA2-A2EE-7F7715B7C5B3}.Debug|Any CPU.ActiveCfg = Debug|Any CPU
		{B7A628A2-502F-4AA2-A2EE-7F7715B7C5B3}.Debug|Any CPU.Build.0 = Debug|Any CPU
		{B7A628A2-502F-4AA2-A2EE-7F7715B7C5B3}.Release|Any CPU.ActiveCfg = Release|Any CPU
		{B7A628A2-502F-4AA2-A2EE-7F7715B7C5B3}.Release|Any CPU.Build.0 = Release|Any CPU
	EndGlobalSection
	GlobalSection(SolutionProperties) = preSolution
		HideSolutionNode = FALSE
	EndGlobalSection
	GlobalSection(ExtensibilityGlobals) = postSolution
		SolutionGuid = {2FD5ADAB-1E85-493A-BA55-0998A59F4F81}
	EndGlobalSection
EndGlobal
